
Microsoft Visual Studio Solution File, Format Version 12.00
# Visual Studio Version 16
VisualStudioVersion = 16.0.31410.357
MinimumVisualStudioVersion = 10.0.40219.1
Project("{FAE04EC0-301F-11D3-BF4B-00C04F79EFBC}") = "GOF-Patterns-Basic", "GOF-Patterns-Basic.csproj", "{34C860BB-1B03-4367-B97A-97A8EEBBE947}"
EndProject
Global
	GlobalSection(SolutionConfigurationPlatforms) = preSolution
		Debug|Any CPU = Debug|Any CPU
		Release|Any CPU = Release|Any CPU
	EndGlobalSection
	GlobalSection(ProjectConfigurationPlatforms) = postSolution
		{34C860BB-1B03-4367-B97A-97A8EEBBE947}.Debug|Any CPU.ActiveCfg = Debug|Any CPU
		{34C860BB-1B03-4367-B97A-97A8EEBBE947}.Debug|Any CPU.Build.0 = Debug|Any CPU
		{34C860BB-1B03-4367-B97A-97A8EEBBE947}.Release|Any CPU.ActiveCfg = Release|Any CPU
		{34C860BB-1B03-4367-B97A-97A8EEBBE947}.Release|Any CPU.Build.0 = Release|Any CPU
	EndGlobalSection
	GlobalSection(SolutionProperties) = preSolution
		HideSolutionNode = FALSE
	EndGlobalSection
	GlobalSection(ExtensibilityGlobals) = postSolution
		SolutionGuid = {B4CC9CC7-4B67-4BB2-8AD4-B107445B2424}
	EndGlobalSection
EndGlobal
